
Microsoft Visual Studio Solution File, Format Version 12.00
# Visual Studio Version 17
VisualStudioVersion = 17.0.32002.185
MinimumVisualStudioVersion = 10.0.40219.1
Project("{9A19103F-16F7-4668-BE54-9A1E7A4F7556}") = "WatchList.Logic", "WatchList.Logic\WatchList.Logic.csproj", "{6BF36FDD-10C7-4EF3-9F1C-6F59AF997CF0}"
EndProject
Project("{FAE04EC0-301F-11D3-BF4B-00C04F79EFBC}") = "WatchList.WebClient", "WatchList.WebClient\WatchList.WebClient.csproj", "{BA998AC9-E87D-42F3-B1DF-2D1AD74BDBCE}"
EndProject
Global
	GlobalSection(SolutionConfigurationPlatforms) = preSolution
		Debug|Any CPU = Debug|Any CPU
		Release|Any CPU = Release|Any CPU
	EndGlobalSection
	GlobalSection(ProjectConfigurationPlatforms) = postSolution
		{6BF36FDD-10C7-4EF3-9F1C-6F59AF997CF0}.Debug|Any CPU.ActiveCfg = Debug|Any CPU
		{6BF36FDD-10C7-4EF3-9F1C-6F59AF997CF0}.Debug|Any CPU.Build.0 = Debug|Any CPU
		{6BF36FDD-10C7-4EF3-9F1C-6F59AF997CF0}.Release|Any CPU.ActiveCfg = Release|Any CPU
		{6BF36FDD-10C7-4EF3-9F1C-6F59AF997CF0}.Release|Any CPU.Build.0 = Release|Any CPU
		{BA998AC9-E87D-42F3-B1DF-2D1AD74BDBCE}.Debug|Any CPU.ActiveCfg = Debug|Any CPU
		{BA998AC9-E87D-42F3-B1DF-2D1AD74BDBCE}.Debug|Any CPU.Build.0 = Debug|Any CPU
		{BA998AC9-E87D-42F3-B1DF-2D1AD74BDBCE}.Release|Any CPU.ActiveCfg = Release|Any CPU
		{BA998AC9-E87D-42F3-B1DF-2D1AD74BDBCE}.Release|Any CPU.Build.0 = Release|Any CPU
	EndGlobalSection
	GlobalSection(SolutionProperties) = preSolution
		HideSolutionNode = FALSE
	EndGlobalSection
	GlobalSection(ExtensibilityGlobals) = postSolution
		SolutionGuid = {00DB6BF9-5295-49C2-915A-DD65549E6E22}
	EndGlobalSection
EndGlobal
